// !$*UTF8*$!
{
	archiveVersion = 1;
	classes = {
	};
	objectVersion = 46;
	objects = {

/* Begin PBXBuildFile section */
		1F82AFF21D8DFC4E00CE8DD1 /* Assets.xcassets in Resources */ = {isa = PBXBuildFile; fileRef = 1F82AFF11D8DFC4E00CE8DD1 /* Assets.xcassets */; };
		1F82AFF91D8DFC4E00CE8DD1 /* MessagesExtension.appex in Embed App Extensions */ = {isa = PBXBuildFile; fileRef = 1F82AFF81D8DFC4E00CE8DD1 /* MessagesExtension.appex */; settings = {ATTRIBUTES = (RemoveHeadersOnCopy, ); }; };
		1F82AFFE1D8DFC4E00CE8DD1 /* Messages.framework in Frameworks */ = {isa = PBXBuildFile; fileRef = 1F82AFFD1D8DFC4E00CE8DD1 /* Messages.framework */; };
		1F82B0011D8DFC4E00CE8DD1 /* MessagesViewController.swift in Sources */ = {isa = PBXBuildFile; fileRef = 1F82B0001D8DFC4E00CE8DD1 /* MessagesViewController.swift */; };
		1F82B0041D8DFC4E00CE8DD1 /* MainInterface.storyboard in Resources */ = {isa = PBXBuildFile; fileRef = 1F82B0021D8DFC4E00CE8DD1 /* MainInterface.storyboard */; };
		1F82B0061D8DFC4E00CE8DD1 /* Assets.xcassets in Resources */ = {isa = PBXBuildFile; fileRef = 1F82B0051D8DFC4E00CE8DD1 /* Assets.xcassets */; };
		1F82B0311D8EFE1200CE8DD1 /* Board.swift in Sources */ = {isa = PBXBuildFile; fileRef = 1F82B0301D8EFE1200CE8DD1 /* Board.swift */; };
/* End PBXBuildFile section */

/* Begin PBXContainerItemProxy section */
		1F82AFFA1D8DFC4E00CE8DD1 /* PBXContainerItemProxy */ = {
			isa = PBXContainerItemProxy;
			containerPortal = 1F82AFE81D8DFC4E00CE8DD1 /* Project object */;
			proxyType = 1;
			remoteGlobalIDString = 1F82AFF71D8DFC4E00CE8DD1;
			remoteInfo = MessagesExtension;
		};
/* End PBXContainerItemProxy section */

/* Begin PBXCopyFilesBuildPhase section */
		1F82B00D1D8DFC4E00CE8DD1 /* Embed App Extensions */ = {
			isa = PBXCopyFilesBuildPhase;
			buildActionMask = 2147483647;
			dstPath = "";
			dstSubfolderSpec = 13;
			files = (
				1F82AFF91D8DFC4E00CE8DD1 /* MessagesExtension.appex in Embed App Extensions */,
			);
			name = "Embed App Extensions";
			runOnlyForDeploymentPostprocessing = 0;
		};
/* End PBXCopyFilesBuildPhase section */

/* Begin PBXFileReference section */
		1F82AFEE1D8DFC4E00CE8DD1 /* iPict.app */ = {isa = PBXFileReference; explicitFileType = wrapper.application; includeInIndex = 0; path = iPict.app; sourceTree = BUILT_PRODUCTS_DIR; };
		1F82AFF11D8DFC4E00CE8DD1 /* Assets.xcassets */ = {isa = PBXFileReference; lastKnownFileType = folder.assetcatalog; path = Assets.xcassets; sourceTree = "<group>"; };
		1F82AFF31D8DFC4E00CE8DD1 /* Info.plist */ = {isa = PBXFileReference; lastKnownFileType = text.plist.xml; path = Info.plist; sourceTree = "<group>"; };
		1F82AFF81D8DFC4E00CE8DD1 /* MessagesExtension.appex */ = {isa = PBXFileReference; explicitFileType = "wrapper.app-extension"; includeInIndex = 0; path = MessagesExtension.appex; sourceTree = BUILT_PRODUCTS_DIR; };
		1F82AFFD1D8DFC4E00CE8DD1 /* Messages.framework */ = {isa = PBXFileReference; lastKnownFileType = wrapper.framework; name = Messages.framework; path = System/Library/Frameworks/Messages.framework; sourceTree = SDKROOT; };
		1F82B0001D8DFC4E00CE8DD1 /* MessagesViewController.swift */ = {isa = PBXFileReference; lastKnownFileType = sourcecode.swift; path = MessagesViewController.swift; sourceTree = "<group>"; };
		1F82B0031D8DFC4E00CE8DD1 /* Base */ = {isa = PBXFileReference; lastKnownFileType = file.storyboard; name = Base; path = Base.lproj/MainInterface.storyboard; sourceTree = "<group>"; };
		1F82B0051D8DFC4E00CE8DD1 /* Assets.xcassets */ = {isa = PBXFileReference; lastKnownFileType = folder.assetcatalog; path = Assets.xcassets; sourceTree = "<group>"; };
		1F82B0071D8DFC4E00CE8DD1 /* Info.plist */ = {isa = PBXFileReference; lastKnownFileType = text.plist.xml; path = Info.plist; sourceTree = "<group>"; };
		1F82B0301D8EFE1200CE8DD1 /* Board.swift */ = {isa = PBXFileReference; fileEncoding = 4; lastKnownFileType = sourcecode.swift; path = Board.swift; sourceTree = "<group>"; };
/* End PBXFileReference section */

/* Begin PBXFrameworksBuildPhase section */
		1F82AFF51D8DFC4E00CE8DD1 /* Frameworks */ = {
			isa = PBXFrameworksBuildPhase;
			buildActionMask = 2147483647;
			files = (
				1F82AFFE1D8DFC4E00CE8DD1 /* Messages.framework in Frameworks */,
			);
			runOnlyForDeploymentPostprocessing = 0;
		};
/* End PBXFrameworksBuildPhase section */

/* Begin PBXGroup section */
		1F82AFE71D8DFC4E00CE8DD1 = {
			isa = PBXGroup;
			children = (
				1F82AFF01D8DFC4E00CE8DD1 /* iPict */,
				1F82AFFF1D8DFC4E00CE8DD1 /* MessagesExtension */,
				1F82AFFC1D8DFC4E00CE8DD1 /* Frameworks */,
				1F82AFEF1D8DFC4E00CE8DD1 /* Products */,
			);
			sourceTree = "<group>";
		};
		1F82AFEF1D8DFC4E00CE8DD1 /* Products */ = {
			isa = PBXGroup;
			children = (
				1F82AFEE1D8DFC4E00CE8DD1 /* iPict.app */,
				1F82AFF81D8DFC4E00CE8DD1 /* MessagesExtension.appex */,
			);
			name = Products;
			sourceTree = "<group>";
		};
		1F82AFF01D8DFC4E00CE8DD1 /* iPict */ = {
			isa = PBXGroup;
			children = (
				1F82AFF11D8DFC4E00CE8DD1 /* Assets.xcassets */,
				1F82AFF31D8DFC4E00CE8DD1 /* Info.plist */,
			);
			path = iPict;
			sourceTree = "<group>";
		};
		1F82AFFC1D8DFC4E00CE8DD1 /* Frameworks */ = {
			isa = PBXGroup;
			children = (
				1F82AFFD1D8DFC4E00CE8DD1 /* Messages.framework */,
			);
			name = Frameworks;
			sourceTree = "<group>";
		};
		1F82AFFF1D8DFC4E00CE8DD1 /* MessagesExtension */ = {
			isa = PBXGroup;
			children = (
				1F82B02F1D8EFDD300CE8DD1 /* Model */,
				1F82B0001D8DFC4E00CE8DD1 /* MessagesViewController.swift */,
				1F82B0021D8DFC4E00CE8DD1 /* MainInterface.storyboard */,
				1F82B0051D8DFC4E00CE8DD1 /* Assets.xcassets */,
				1F82B0071D8DFC4E00CE8DD1 /* Info.plist */,
			);
			path = MessagesExtension;
			sourceTree = "<group>";
		};
		1F82B02F1D8EFDD300CE8DD1 /* Model */ = {
			isa = PBXGroup;
			children = (
				1F82B0301D8EFE1200CE8DD1 /* Board.swift */,
			);
			name = Model;
			sourceTree = "<group>";
		};
/* End PBXGroup section */

/* Begin PBXNativeTarget section */
		1F82AFED1D8DFC4E00CE8DD1 /* iPict */ = {
			isa = PBXNativeTarget;
			buildConfigurationList = 1F82B00E1D8DFC4E00CE8DD1 /* Build configuration list for PBXNativeTarget "iPict" */;
			buildPhases = (
				1F82AFEC1D8DFC4E00CE8DD1 /* Resources */,
				1F82B00D1D8DFC4E00CE8DD1 /* Embed App Extensions */,
			);
			buildRules = (
			);
			dependencies = (
				1F82AFFB1D8DFC4E00CE8DD1 /* PBXTargetDependency */,
			);
			name = iPict;
			productName = iPict;
			productReference = 1F82AFEE1D8DFC4E00CE8DD1 /* iPict.app */;
			productType = "com.apple.product-type.application.messages";
		};
		1F82AFF71D8DFC4E00CE8DD1 /* MessagesExtension */ = {
			isa = PBXNativeTarget;
			buildConfigurationList = 1F82B00A1D8DFC4E00CE8DD1 /* Build configuration list for PBXNativeTarget "MessagesExtension" */;
			buildPhases = (
				1F82AFF41D8DFC4E00CE8DD1 /* Sources */,
				1F82AFF51D8DFC4E00CE8DD1 /* Frameworks */,
				1F82AFF61D8DFC4E00CE8DD1 /* Resources */,
			);
			buildRules = (
			);
			dependencies = (
			);
			name = MessagesExtension;
			productName = MessagesExtension;
			productReference = 1F82AFF81D8DFC4E00CE8DD1 /* MessagesExtension.appex */;
			productType = "com.apple.product-type.app-extension.messages";
		};
/* End PBXNativeTarget section */

/* Begin PBXProject section */
		1F82AFE81D8DFC4E00CE8DD1 /* Project object */ = {
			isa = PBXProject;
			attributes = {
				LastSwiftUpdateCheck = 0800;
				LastUpgradeCheck = 0800;
				ORGANIZATIONNAME = "Jeff Lin";
				TargetAttributes = {
					1F82AFED1D8DFC4E00CE8DD1 = {
						CreatedOnToolsVersion = 8.0;
						DevelopmentTeam = 856M67PZK4;
						ProvisioningStyle = Automatic;
					};
					1F82AFF71D8DFC4E00CE8DD1 = {
						CreatedOnToolsVersion = 8.0;
						DevelopmentTeam = 856M67PZK4;
						ProvisioningStyle = Automatic;
					};
				};
			};
			buildConfigurationList = 1F82AFEB1D8DFC4E00CE8DD1 /* Build configuration list for PBXProject "iPict" */;
			compatibilityVersion = "Xcode 3.2";
			developmentRegion = English;
			hasScannedForEncodings = 0;
			knownRegions = (
				en,
				Base,
			);
			mainGroup = 1F82AFE71D8DFC4E00CE8DD1;
			productRefGroup = 1F82AFEF1D8DFC4E00CE8DD1 /* Products */;
			projectDirPath = "";
			projectRoot = "";
			targets = (
				1F82AFED1D8DFC4E00CE8DD1 /* iPict */,
				1F82AFF71D8DFC4E00CE8DD1 /* MessagesExtension */,
			);
		};
/* End PBXProject section */

/* Begin PBXResourcesBuildPhase section */
		1F82AFEC1D8DFC4E00CE8DD1 /* Resources */ = {
			isa = PBXResourcesBuildPhase;
			buildActionMask = 2147483647;
			files = (
				1F82AFF21D8DFC4E00CE8DD1 /* Assets.xcassets in Resources */,
			);
			runOnlyForDeploymentPostprocessing = 0;
		};
		1F82AFF61D8DFC4E00CE8DD1 /* Resources */ = {
			isa = PBXResourcesBuildPhase;
			buildActionMask = 2147483647;
			files = (
				1F82B0061D8DFC4E00CE8DD1 /* Assets.xcassets in Resources */,
				1F82B0041D8DFC4E00CE8DD1 /* MainInterface.storyboard in Resources */,
			);
			runOnlyForDeploymentPostprocessing = 0;
		};
/* End PBXResourcesBuildPhase section */

/* Begin PBXSourcesBuildPhase section */
		1F82AFF41D8DFC4E00CE8DD1 /* Sources */ = {
			isa = PBXSourcesBuildPhase;
			buildActionMask = 2147483647;
			files = (
				1F82B0311D8EFE1200CE8DD1 /* Board.swift in Sources */,
				1F82B0011D8DFC4E00CE8DD1 /* MessagesViewController.swift in Sources */,
			);
			runOnlyForDeploymentPostprocessing = 0;
		};
/* End PBXSourcesBuildPhase section */

/* Begin PBXTargetDependency section */
		1F82AFFB1D8DFC4E00CE8DD1 /* PBXTargetDependency */ = {
			isa = PBXTargetDependency;
			target = 1F82AFF71D8DFC4E00CE8DD1 /* MessagesExtension */;
			targetProxy = 1F82AFFA1D8DFC4E00CE8DD1 /* PBXContainerItemProxy */;
		};
/* End PBXTargetDependency section */

/* Begin PBXVariantGroup section */
		1F82B0021D8DFC4E00CE8DD1 /* MainInterface.storyboard */ = {
			isa = PBXVariantGroup;
			children = (
				1F82B0031D8DFC4E00CE8DD1 /* Base */,
			);
			name = MainInterface.storyboard;
			sourceTree = "<group>";
		};
/* End PBXVariantGroup section */

/* Begin XCBuildConfiguration section */
		1F82B0081D8DFC4E00CE8DD1 /* Debug */ = {
			isa = XCBuildConfiguration;
			buildSettings = {
				ALWAYS_SEARCH_USER_PATHS = NO;
				CLANG_ANALYZER_NONNULL = YES;
				CLANG_CXX_LANGUAGE_STANDARD = "gnu++0x";
				CLANG_CXX_LIBRARY = "libc++";
				CLANG_ENABLE_MODULES = YES;
				CLANG_ENABLE_OBJC_ARC = YES;
				CLANG_WARN_BOOL_CONVERSION = YES;
				CLANG_WARN_CONSTANT_CONVERSION = YES;
				CLANG_WARN_DIRECT_OBJC_ISA_USAGE = YES_ERROR;
				CLANG_WARN_DOCUMENTATION_COMMENTS = YES;
				CLANG_WARN_EMPTY_BODY = YES;
				CLANG_WARN_ENUM_CONVERSION = YES;
				CLANG_WARN_INFINITE_RECURSION = YES;
				CLANG_WARN_INT_CONVERSION = YES;
				CLANG_WARN_OBJC_ROOT_CLASS = YES_ERROR;
				CLANG_WARN_SUSPICIOUS_MOVES = YES;
				CLANG_WARN_UNREACHABLE_CODE = YES;
				CLANG_WARN__DUPLICATE_METHOD_MATCH = YES;
				"CODE_SIGN_IDENTITY[sdk=iphoneos*]" = "iPhone Developer";
				COPY_PHASE_STRIP = NO;
				DEBUG_INFORMATION_FORMAT = dwarf;
				ENABLE_STRICT_OBJC_MSGSEND = YES;
				ENABLE_TESTABILITY = YES;
				GCC_C_LANGUAGE_STANDARD = gnu99;
				GCC_DYNAMIC_NO_PIC = NO;
				GCC_NO_COMMON_BLOCKS = YES;
				GCC_OPTIMIZATION_LEVEL = 0;
				GCC_PREPROCESSOR_DEFINITIONS = (
					"DEBUG=1",
					"$(inherited)",
				);
				GCC_WARN_64_TO_32_BIT_CONVERSION = YES;
				GCC_WARN_ABOUT_RETURN_TYPE = YES_ERROR;
				GCC_WARN_UNDECLARED_SELECTOR = YES;
				GCC_WARN_UNINITIALIZED_AUTOS = YES_AGGRESSIVE;
				GCC_WARN_UNUSED_FUNCTION = YES;
				GCC_WARN_UNUSED_VARIABLE = YES;
				IPHONEOS_DEPLOYMENT_TARGET = 10.0;
				MTL_ENABLE_DEBUG_INFO = YES;
				ONLY_ACTIVE_ARCH = YES;
				SDKROOT = iphoneos;
				SWIFT_ACTIVE_COMPILATION_CONDITIONS = DEBUG;
				SWIFT_OPTIMIZATION_LEVEL = "-Onone";
			};
			name = Debug;
		};
		1F82B0091D8DFC4E00CE8DD1 /* Release */ = {
			isa = XCBuildConfiguration;
			buildSettings = {
				ALWAYS_SEARCH_USER_PATHS = NO;
				CLANG_ANALYZER_NONNULL = YES;
				CLANG_CXX_LANGUAGE_STANDARD = "gnu++0x";
				CLANG_CXX_LIBRARY = "libc++";
				CLANG_ENABLE_MODULES = YES;
				CLANG_ENABLE_OBJC_ARC = YES;
				CLANG_WARN_BOOL_CONVERSION = YES;
				CLANG_WARN_CONSTANT_CONVERSION = YES;
				CLANG_WARN_DIRECT_OBJC_ISA_USAGE = YES_ERROR;
				CLANG_WARN_DOCUMENTATION_COMMENTS = YES;
				CLANG_WARN_EMPTY_BODY = YES;
				CLANG_WARN_ENUM_CONVERSION = YES;
				CLANG_WARN_INFINITE_RECURSION = YES;
				CLANG_WARN_INT_CONVERSION = YES;
				CLANG_WARN_OBJC_ROOT_CLASS = YES_ERROR;
				CLANG_WARN_SUSPICIOUS_MOVES = YES;
				CLANG_WARN_UNREACHABLE_CODE = YES;
				CLANG_WARN__DUPLICATE_METHOD_MATCH = YES;
				"CODE_SIGN_IDENTITY[sdk=iphoneos*]" = "iPhone Developer";
				COPY_PHASE_STRIP = NO;
				DEBUG_INFORMATION_FORMAT = "dwarf-with-dsym";
				ENABLE_NS_ASSERTIONS = NO;
				ENABLE_STRICT_OBJC_MSGSEND = YES;
				GCC_C_LANGUAGE_STANDARD = gnu99;
				GCC_NO_COMMON_BLOCKS = YES;
				GCC_WARN_64_TO_32_BIT_CONVERSION = YES;
				GCC_WARN_ABOUT_RETURN_TYPE = YES_ERROR;
				GCC_WARN_UNDECLARED_SELECTOR = YES;
				GCC_WARN_UNINITIALIZED_AUTOS = YES_AGGRESSIVE;
				GCC_WARN_UNUSED_FUNCTION = YES;
				GCC_WARN_UNUSED_VARIABLE = YES;
				IPHONEOS_DEPLOYMENT_TARGET = 10.0;
				MTL_ENABLE_DEBUG_INFO = NO;
				SDKROOT = iphoneos;
				SWIFT_OPTIMIZATION_LEVEL = "-Owholemodule";
				VALIDATE_PRODUCT = YES;
			};
			name = Release;
		};
		1F82B00B1D8DFC4E00CE8DD1 /* Debug */ = {
			isa = XCBuildConfiguration;
			buildSettings = {
				ASSETCATALOG_COMPILER_APPICON_NAME = "iMessage App Icon";
				DEVELOPMENT_TEAM = 856M67PZK4;
				INFOPLIST_FILE = MessagesExtension/Info.plist;
				LD_RUNPATH_SEARCH_PATHS = "$(inherited) @executable_path/Frameworks @executable_path/../../Frameworks";
				PRODUCT_BUNDLE_IDENTIFIER = "com.Jeff-Lin.iPict.MessagesExtension";
				PRODUCT_NAME = "$(TARGET_NAME)";
				SKIP_INSTALL = YES;
				SWIFT_VERSION = 3.0;
			};
			name = Debug;
		};
		1F82B00C1D8DFC4E00CE8DD1 /* Release */ = {
			isa = XCBuildConfiguration;
			buildSettings = {
				ASSETCATALOG_COMPILER_APPICON_NAME = "iMessage App Icon";
				DEVELOPMENT_TEAM = 856M67PZK4;
				INFOPLIST_FILE = MessagesExtension/Info.plist;
				LD_RUNPATH_SEARCH_PATHS = "$(inherited) @executable_path/Frameworks @executable_path/../../Frameworks";
				PRODUCT_BUNDLE_IDENTIFIER = "com.Jeff-Lin.iPict.MessagesExtension";
				PRODUCT_NAME = "$(TARGET_NAME)";
				SKIP_INSTALL = YES;
				SWIFT_VERSION = 3.0;
			};
			name = Release;
		};
		1F82B00F1D8DFC4E00CE8DD1 /* Debug */ = {
			isa = XCBuildConfiguration;
			buildSettings = {
				ALWAYS_EMBED_SWIFT_STANDARD_LIBRARIES = YES;
				ASSETCATALOG_COMPILER_APPICON_NAME = AppIcon;
				DEVELOPMENT_TEAM = 856M67PZK4;
				INFOPLIST_FILE = iPict/Info.plist;
				PRODUCT_BUNDLE_IDENTIFIER = "com.Jeff-Lin.iPict";
				PRODUCT_NAME = "$(TARGET_NAME)";
				SWIFT_VERSION = 3.0;
				TARGETED_DEVICE_FAMILY = "1,2";
			};
			name = Debug;
		};
		1F82B0101D8DFC4E00CE8DD1 /* Release */ = {
			isa = XCBuildConfiguration;
			buildSettings = {
				ALWAYS_EMBED_SWIFT_STANDARD_LIBRARIES = YES;
				ASSETCATALOG_COMPILER_APPICON_NAME = AppIcon;
				DEVELOPMENT_TEAM = 856M67PZK4;
				INFOPLIST_FILE = iPict/Info.plist;
				PRODUCT_BUNDLE_IDENTIFIER = "com.Jeff-Lin.iPict";
				PRODUCT_NAME = "$(TARGET_NAME)";
				SWIFT_VERSION = 3.0;
				TARGETED_DEVICE_FAMILY = "1,2";
			};
			name = Release;
		};
/* End XCBuildConfiguration section */

/* Begin XCConfigurationList section */
		1F82AFEB1D8DFC4E00CE8DD1 /* Build configuration list for PBXProject "iPict" */ = {
			isa = XCConfigurationList;
			buildConfigurations = (
				1F82B0081D8DFC4E00CE8DD1 /* Debug */,
				1F82B0091D8DFC4E00CE8DD1 /* Release */,
			);
			defaultConfigurationIsVisible = 0;
			defaultConfigurationName = Release;
		};
		1F82B00A1D8DFC4E00CE8DD1 /* Build configuration list for PBXNativeTarget "MessagesExtension" */ = {
			isa = XCConfigurationList;
			buildConfigurations = (
				1F82B00B1D8DFC4E00CE8DD1 /* Debug */,
				1F82B00C1D8DFC4E00CE8DD1 /* Release */,
			);
			defaultConfigurationIsVisible = 0;
			defaultConfigurationName = Release;
		};
		1F82B00E1D8DFC4E00CE8DD1 /* Build configuration list for PBXNativeTarget "iPict" */ = {
			isa = XCConfigurationList;
			buildConfigurations = (
				1F82B00F1D8DFC4E00CE8DD1 /* Debug */,
				1F82B0101D8DFC4E00CE8DD1 /* Release */,
			);
			defaultConfigurationIsVisible = 0;
			defaultConfigurationName = Release;
		};
/* End XCConfigurationList section */
	};
	rootObject = 1F82AFE81D8DFC4E00CE8DD1 /* Project object */;
}
